{
  "name": "@saas-rbac/tsconfig",
  "version": "0.0.0",
  "lockfileVersion": 3,
  "requires": true,
  "packages": {
    "": {
      "name": "@saas-rbac/tsconfig",
      "version": "0.0.0",
      "license": "MIT",
      "dependencies": {
        "@saas-rbac/tsconfig": "file:",
        "@saas-rbac/typescript-config": "file:"
      }
    },
    "node_modules/@saas-rbac/tsconfig": {
      "resolved": "",
      "link": true
    },
    "node_modules/@saas-rbac/typescript-config": {
      "resolved": "",
      "link": true
    }
  }
}
