{
  "name": "@saas-rbac/auth",
  "version": "0.0.0.",
  "lockfileVersion": 3,
  "requires": true,
  "packages": {
    "": {
      "name": "@saas-rbac/auth",
      "version": "0.0.0.",
      "dependencies": {
        "@saas-rbac/auth": "file:"
      }
    },
    "node_modules/@saas-rbac/auth": {
      "resolved": "",
      "link": true
    }
  }
}
