{
  "name": "@saas-rbac/eslint-config",
  "version": "0.0.0",
  "lockfileVersion": 3,
  "requires": true,
  "packages": {
    "": {
      "name": "@saas-rbac/eslint-config",
      "version": "0.0.0",
      "dependencies": {
        "@saas-rbac/eslint-config": "file:"
      },
      "devDependencies": {}
    },
    "node_modules/@saas-rbac/eslint-config": {
      "resolved": "",
      "link": true
    }
  }
}
